
Microsoft Visual Studio Solution File, Format Version 12.00
# Visual Studio Version 16
VisualStudioVersion = 16.0.30114.105
MinimumVisualStudioVersion = 10.0.40219.1
Project("{FAE04EC0-301F-11D3-BF4B-00C04F79EFBC}") = "ShopAppK300.Web", "ShopAppK300.Web\ShopAppK300.Web.csproj", "{6A034CE4-37C8-4177-B9F6-D80B4F37D350}"
EndProject
Project("{FAE04EC0-301F-11D3-BF4B-00C04F79EFBC}") = "ShopK300.Database", "ShopK300.Database\ShopK300.Database.csproj", "{3BAC8B34-9DA3-4C00-A040-F1C0FFA262A2}"
EndProject
Project("{FAE04EC0-301F-11D3-BF4B-00C04F79EFBC}") = "ShopK300.Entities", "ShopK300.Entities\ShopK300.Entities.csproj", "{62B19DD6-9BF3-482D-AE82-17A81361CEE3}"
EndProject
Project("{FAE04EC0-301F-11D3-BF4B-00C04F79EFBC}") = "ShopK300.Services", "ShopK300.Services\ShopK300.Services.csproj", "{2DE15DEE-97F9-444A-BCDC-F51A8AA84EBC}"
EndProject
Global
	GlobalSection(SolutionConfigurationPlatforms) = preSolution
		Debug|Any CPU = Debug|Any CPU
		Release|Any CPU = Release|Any CPU
	EndGlobalSection
	GlobalSection(ProjectConfigurationPlatforms) = postSolution
		{6A034CE4-37C8-4177-B9F6-D80B4F37D350}.Debug|Any CPU.ActiveCfg = Debug|Any CPU
		{6A034CE4-37C8-4177-B9F6-D80B4F37D350}.Debug|Any CPU.Build.0 = Debug|Any CPU
		{6A034CE4-37C8-4177-B9F6-D80B4F37D350}.Release|Any CPU.ActiveCfg = Release|Any CPU
		{6A034CE4-37C8-4177-B9F6-D80B4F37D350}.Release|Any CPU.Build.0 = Release|Any CPU
		{3BAC8B34-9DA3-4C00-A040-F1C0FFA262A2}.Debug|Any CPU.ActiveCfg = Debug|Any CPU
		{3BAC8B34-9DA3-4C00-A040-F1C0FFA262A2}.Debug|Any CPU.Build.0 = Debug|Any CPU
		{3BAC8B34-9DA3-4C00-A040-F1C0FFA262A2}.Release|Any CPU.ActiveCfg = Release|Any CPU
		{3BAC8B34-9DA3-4C00-A040-F1C0FFA262A2}.Release|Any CPU.Build.0 = Release|Any CPU
		{62B19DD6-9BF3-482D-AE82-17A81361CEE3}.Debug|Any CPU.ActiveCfg = Debug|Any CPU
		{62B19DD6-9BF3-482D-AE82-17A81361CEE3}.Debug|Any CPU.Build.0 = Debug|Any CPU
		{62B19DD6-9BF3-482D-AE82-17A81361CEE3}.Release|Any CPU.ActiveCfg = Release|Any CPU
		{62B19DD6-9BF3-482D-AE82-17A81361CEE3}.Release|Any CPU.Build.0 = Release|Any CPU
		{2DE15DEE-97F9-444A-BCDC-F51A8AA84EBC}.Debug|Any CPU.ActiveCfg = Debug|Any CPU
		{2DE15DEE-97F9-444A-BCDC-F51A8AA84EBC}.Debug|Any CPU.Build.0 = Debug|Any CPU
		{2DE15DEE-97F9-444A-BCDC-F51A8AA84EBC}.Release|Any CPU.ActiveCfg = Release|Any CPU
		{2DE15DEE-97F9-444A-BCDC-F51A8AA84EBC}.Release|Any CPU.Build.0 = Release|Any CPU
	EndGlobalSection
	GlobalSection(SolutionProperties) = preSolution
		HideSolutionNode = FALSE
	EndGlobalSection
	GlobalSection(ExtensibilityGlobals) = postSolution
		SolutionGuid = {75D315D7-5E98-49C4-BA91-C1B0D2991510}
	EndGlobalSection
EndGlobal
